
Microsoft Visual Studio Solution File, Format Version 12.00
# Visual Studio 15
VisualStudioVersion = 15.0.26730.16
MinimumVisualStudioVersion = 10.0.40219.1
Project("{9A19103F-16F7-4668-BE54-9A1E7A4F7556}") = "UnitOfWorkCore", "UnitOfWorkCore\UnitOfWorkCore.csproj", "{289ECCEF-12B2-4AC3-BCA4-D09BB7AE55E5}"
EndProject
Project("{FAE04EC0-301F-11D3-BF4B-00C04F79EFBC}") = "UnitOfWorkCore.AspNetCore", "UnitOfWorkCore.AspNetCore\UnitOfWorkCore.AspNetCore.csproj", "{031A58D2-C12A-4603-9AF8-B19D826F5127}"
EndProject
Global
	GlobalSection(SolutionConfigurationPlatforms) = preSolution
		Debug|Any CPU = Debug|Any CPU
		Release|Any CPU = Release|Any CPU
	EndGlobalSection
	GlobalSection(ProjectConfigurationPlatforms) = postSolution
		{289ECCEF-12B2-4AC3-BCA4-D09BB7AE55E5}.Debug|Any CPU.ActiveCfg = Debug|Any CPU
		{289ECCEF-12B2-4AC3-BCA4-D09BB7AE55E5}.Debug|Any CPU.Build.0 = Debug|Any CPU
		{289ECCEF-12B2-4AC3-BCA4-D09BB7AE55E5}.Release|Any CPU.ActiveCfg = Release|Any CPU
		{289ECCEF-12B2-4AC3-BCA4-D09BB7AE55E5}.Release|Any CPU.Build.0 = Release|Any CPU
		{031A58D2-C12A-4603-9AF8-B19D826F5127}.Debug|Any CPU.ActiveCfg = Debug|Any CPU
		{031A58D2-C12A-4603-9AF8-B19D826F5127}.Debug|Any CPU.Build.0 = Debug|Any CPU
		{031A58D2-C12A-4603-9AF8-B19D826F5127}.Release|Any CPU.ActiveCfg = Release|Any CPU
		{031A58D2-C12A-4603-9AF8-B19D826F5127}.Release|Any CPU.Build.0 = Release|Any CPU
	EndGlobalSection
	GlobalSection(SolutionProperties) = preSolution
		HideSolutionNode = FALSE
	EndGlobalSection
	GlobalSection(ExtensibilityGlobals) = postSolution
		SolutionGuid = {4352D164-DF3B-483C-B4CC-E7FB907402F3}
	EndGlobalSection
EndGlobal
